
Microsoft Visual Studio Solution File, Format Version 12.00
# Visual Studio Version 17
VisualStudioVersion = 17.5.002.0
MinimumVisualStudioVersion = 10.0.40219.1
Project("{2150E333-8FDC-42A3-9474-1A3956D46DE8}") = "backend", "backend", "{FEDBE61E-0096-4156-8A3B-D0958C36EE33}"
EndProject
Project("{9A19103F-16F7-4668-BE54-9A1E7A4F7556}") = "MegaReports", "backend\MegaReports\MegaReports.csproj", "{4D839FC9-CAC5-44F3-A7AB-AD11CA37B978}"
EndProject
Global
	GlobalSection(SolutionConfigurationPlatforms) = preSolution
		Debug|Any CPU = Debug|Any CPU
		Release|Any CPU = Release|Any CPU
	EndGlobalSection
	GlobalSection(ProjectConfigurationPlatforms) = postSolution
		{4D839FC9-CAC5-44F3-A7AB-AD11CA37B978}.Debug|Any CPU.ActiveCfg = Debug|Any CPU
		{4D839FC9-CAC5-44F3-A7AB-AD11CA37B978}.Debug|Any CPU.Build.0 = Debug|Any CPU
		{4D839FC9-CAC5-44F3-A7AB-AD11CA37B978}.Release|Any CPU.ActiveCfg = Release|Any CPU
		{4D839FC9-CAC5-44F3-A7AB-AD11CA37B978}.Release|Any CPU.Build.0 = Release|Any CPU
	EndGlobalSection
	GlobalSection(SolutionProperties) = preSolution
		HideSolutionNode = FALSE
	EndGlobalSection
	GlobalSection(NestedProjects) = preSolution
		{4D839FC9-CAC5-44F3-A7AB-AD11CA37B978} = {FEDBE61E-0096-4156-8A3B-D0958C36EE33}
	EndGlobalSection
	GlobalSection(ExtensibilityGlobals) = postSolution
		SolutionGuid = {F97E3666-A583-4BAE-ACB2-2683326DB6D3}
	EndGlobalSection
EndGlobal
